
Microsoft Visual Studio Solution File, Format Version 12.00
# Visual Studio Version 17
VisualStudioVersion = 17.1.32228.430
MinimumVisualStudioVersion = 10.0.40219.1
Project("{2150E333-8FDC-42A3-9474-1A3956D46DE8}") = "Application", "Application", "{D42AF39F-2194-4E02-9E6B-77E228FB8BEC}"
EndProject
Project("{FAE04EC0-301F-11D3-BF4B-00C04F79EFBC}") = "MAU.Microservice.App", "src\MAU.Microservice.App\MAU.Microservice.App.csproj", "{AAEAA902-21F1-426C-9A16-E3E05554F1DF}"
EndProject
Global
	GlobalSection(SolutionConfigurationPlatforms) = preSolution
		Debug|Any CPU = Debug|Any CPU
		Release|Any CPU = Release|Any CPU
	EndGlobalSection
	GlobalSection(ProjectConfigurationPlatforms) = postSolution
		{AAEAA902-21F1-426C-9A16-E3E05554F1DF}.Debug|Any CPU.ActiveCfg = Debug|Any CPU
		{AAEAA902-21F1-426C-9A16-E3E05554F1DF}.Debug|Any CPU.Build.0 = Debug|Any CPU
		{AAEAA902-21F1-426C-9A16-E3E05554F1DF}.Release|Any CPU.ActiveCfg = Release|Any CPU
		{AAEAA902-21F1-426C-9A16-E3E05554F1DF}.Release|Any CPU.Build.0 = Release|Any CPU
	EndGlobalSection
	GlobalSection(SolutionProperties) = preSolution
		HideSolutionNode = FALSE
	EndGlobalSection
	GlobalSection(NestedProjects) = preSolution
		{AAEAA902-21F1-426C-9A16-E3E05554F1DF} = {D42AF39F-2194-4E02-9E6B-77E228FB8BEC}
	EndGlobalSection
	GlobalSection(ExtensibilityGlobals) = postSolution
		SolutionGuid = {08972B35-6FDA-45FE-B685-143BDAAAAE2D}
	EndGlobalSection
EndGlobal
